
Microsoft Visual Studio Solution File, Format Version 12.00
# Visual Studio 15
VisualStudioVersion = 15.0.28307.572
MinimumVisualStudioVersion = 10.0.40219.1
Project("{FAE04EC0-301F-11D3-BF4B-00C04F79EFBC}") = "Redis", "Redis\Redis.csproj", "{89B2DD96-7530-4ADC-85C4-381F5F69E50E}"
EndProject
Global
	GlobalSection(SolutionConfigurationPlatforms) = preSolution
		Debug|Any CPU = Debug|Any CPU
		Release|Any CPU = Release|Any CPU
	EndGlobalSection
	GlobalSection(ProjectConfigurationPlatforms) = postSolution
		{89B2DD96-7530-4ADC-85C4-381F5F69E50E}.Debug|Any CPU.ActiveCfg = Debug|Any CPU
		{89B2DD96-7530-4ADC-85C4-381F5F69E50E}.Debug|Any CPU.Build.0 = Debug|Any CPU
		{89B2DD96-7530-4ADC-85C4-381F5F69E50E}.Release|Any CPU.ActiveCfg = Release|Any CPU
		{89B2DD96-7530-4ADC-85C4-381F5F69E50E}.Release|Any CPU.Build.0 = Release|Any CPU
	EndGlobalSection
	GlobalSection(SolutionProperties) = preSolution
		HideSolutionNode = FALSE
	EndGlobalSection
	GlobalSection(ExtensibilityGlobals) = postSolution
		SolutionGuid = {3C11C172-5E96-4E20-9493-F33C39256E1D}
	EndGlobalSection
EndGlobal
